
Microsoft Visual Studio Solution File, Format Version 12.00
# Visual Studio 14
VisualStudioVersion = 14.0.25420.1
MinimumVisualStudioVersion = 10.0.40219.1
Project("{FAE04EC0-301F-11D3-BF4B-00C04F79EFBC}") = "AopProxy", "AopProxy.NET\AopProxy.csproj", "{83CFA4D8-45DC-4AF2-AF8C-74EF37B05B08}"
EndProject
Project("{FAE04EC0-301F-11D3-BF4B-00C04F79EFBC}") = "Demo", "Demo\Demo.csproj", "{53462D52-0303-4AD6-99A7-F53F4EEF0EF4}"
EndProject
Project("{FAE04EC0-301F-11D3-BF4B-00C04F79EFBC}") = "AopProxy.UnitTest", "AopProxy.UnitTest\AopProxy.UnitTest.csproj", "{29532C8F-C6B1-45CE-8131-53AA00165D87}"
EndProject
Project("{2150E333-8FDC-42A3-9474-1A3956D46DE8}") = "Solution Items", "Solution Items", "{BDE2A370-9B69-499F-B0CF-0956EA1CF950}"
	ProjectSection(SolutionItems) = preProject
		ReadMe.MD = ReadMe.MD
	EndProjectSection
EndProject
Global
	GlobalSection(SolutionConfigurationPlatforms) = preSolution
		Debug|Any CPU = Debug|Any CPU
		Release|Any CPU = Release|Any CPU
	EndGlobalSection
	GlobalSection(ProjectConfigurationPlatforms) = postSolution
		{83CFA4D8-45DC-4AF2-AF8C-74EF37B05B08}.Debug|Any CPU.ActiveCfg = Debug|Any CPU
		{83CFA4D8-45DC-4AF2-AF8C-74EF37B05B08}.Debug|Any CPU.Build.0 = Debug|Any CPU
		{83CFA4D8-45DC-4AF2-AF8C-74EF37B05B08}.Release|Any CPU.ActiveCfg = Release|Any CPU
		{83CFA4D8-45DC-4AF2-AF8C-74EF37B05B08}.Release|Any CPU.Build.0 = Release|Any CPU
		{53462D52-0303-4AD6-99A7-F53F4EEF0EF4}.Debug|Any CPU.ActiveCfg = Debug|Any CPU
		{53462D52-0303-4AD6-99A7-F53F4EEF0EF4}.Debug|Any CPU.Build.0 = Debug|Any CPU
		{53462D52-0303-4AD6-99A7-F53F4EEF0EF4}.Release|Any CPU.ActiveCfg = Release|Any CPU
		{53462D52-0303-4AD6-99A7-F53F4EEF0EF4}.Release|Any CPU.Build.0 = Release|Any CPU
		{29532C8F-C6B1-45CE-8131-53AA00165D87}.Debug|Any CPU.ActiveCfg = Debug|Any CPU
		{29532C8F-C6B1-45CE-8131-53AA00165D87}.Debug|Any CPU.Build.0 = Debug|Any CPU
		{29532C8F-C6B1-45CE-8131-53AA00165D87}.Release|Any CPU.ActiveCfg = Release|Any CPU
		{29532C8F-C6B1-45CE-8131-53AA00165D87}.Release|Any CPU.Build.0 = Release|Any CPU
	EndGlobalSection
	GlobalSection(SolutionProperties) = preSolution
		HideSolutionNode = FALSE
	EndGlobalSection
EndGlobal
